// !$*UTF8*$!
{
	archiveVersion = 1;
	classes = {
	};
	objectVersion = 55;
	objects = {

/* Begin PBXBuildFile section */
		F6CF2DF02841F9BD003A72DA /* AppDelegate.swift in Sources */ = {isa = PBXBuildFile; fileRef = F6CF2DEF2841F9BD003A72DA /* AppDelegate.swift */; };
		F6CF2DF22841F9BD003A72DA /* SceneDelegate.swift in Sources */ = {isa = PBXBuildFile; fileRef = F6CF2DF12841F9BD003A72DA /* SceneDelegate.swift */; };
		F6CF2DF42841F9BD003A72DA /* ViewController.swift in Sources */ = {isa = PBXBuildFile; fileRef = F6CF2DF32841F9BD003A72DA /* ViewController.swift */; };
		F6CF2DF72841F9BD003A72DA /* Main.storyboard in Resources */ = {isa = PBXBuildFile; fileRef = F6CF2DF52841F9BD003A72DA /* Main.storyboard */; };
		F6CF2DF92841F9BE003A72DA /* Assets.xcassets in Resources */ = {isa = PBXBuildFile; fileRef = F6CF2DF82841F9BE003A72DA /* Assets.xcassets */; };
		F6CF2DFC2841F9BE003A72DA /* LaunchScreen.storyboard in Resources */ = {isa = PBXBuildFile; fileRef = F6CF2DFA2841F9BE003A72DA /* LaunchScreen.storyboard */; };
		F6CF2E072841F9BE003A72DA /* TodayAppTests.swift in Sources */ = {isa = PBXBuildFile; fileRef = F6CF2E062841F9BE003A72DA /* TodayAppTests.swift */; };
		F6CF2E112841F9BE003A72DA /* TodayAppUITests.swift in Sources */ = {isa = PBXBuildFile; fileRef = F6CF2E102841F9BE003A72DA /* TodayAppUITests.swift */; };
		F6CF2E132841F9BE003A72DA /* TodayAppUITestsLaunchTests.swift in Sources */ = {isa = PBXBuildFile; fileRef = F6CF2E122841F9BE003A72DA /* TodayAppUITestsLaunchTests.swift */; };
/* End PBXBuildFile section */

/* Begin PBXContainerItemProxy section */
		F6CF2E032841F9BE003A72DA /* PBXContainerItemProxy */ = {
			isa = PBXContainerItemProxy;
			containerPortal = F6CF2DE42841F9BD003A72DA /* Project object */;
			proxyType = 1;
			remoteGlobalIDString = F6CF2DEB2841F9BD003A72DA;
			remoteInfo = TodayApp;
		};
		F6CF2E0D2841F9BE003A72DA /* PBXContainerItemProxy */ = {
			isa = PBXContainerItemProxy;
			containerPortal = F6CF2DE42841F9BD003A72DA /* Project object */;
			proxyType = 1;
			remoteGlobalIDString = F6CF2DEB2841F9BD003A72DA;
			remoteInfo = TodayApp;
		};
/* End PBXContainerItemProxy section */

/* Begin PBXFileReference section */
		F6CF2DEC2841F9BD003A72DA /* TodayApp.app */ = {isa = PBXFileReference; explicitFileType = wrapper.application; includeInIndex = 0; path = TodayApp.app; sourceTree = BUILT_PRODUCTS_DIR; };
		F6CF2DEF2841F9BD003A72DA /* AppDelegate.swift */ = {isa = PBXFileReference; lastKnownFileType = sourcecode.swift; path = AppDelegate.swift; sourceTree = "<group>"; };
		F6CF2DF12841F9BD003A72DA /* SceneDelegate.swift */ = {isa = PBXFileReference; lastKnownFileType = sourcecode.swift; path = SceneDelegate.swift; sourceTree = "<group>"; };
		F6CF2DF32841F9BD003A72DA /* ViewController.swift */ = {isa = PBXFileReference; lastKnownFileType = sourcecode.swift; path = ViewController.swift; sourceTree = "<group>"; };
		F6CF2DF62841F9BD003A72DA /* Base */ = {isa = PBXFileReference; lastKnownFileType = file.storyboard; name = Base; path = Base.lproj/Main.storyboard; sourceTree = "<group>"; };
		F6CF2DF82841F9BE003A72DA /* Assets.xcassets */ = {isa = PBXFileReference; lastKnownFileType = folder.assetcatalog; path = Assets.xcassets; sourceTree = "<group>"; };
		F6CF2DFB2841F9BE003A72DA /* Base */ = {isa = PBXFileReference; lastKnownFileType = file.storyboard; name = Base; path = Base.lproj/LaunchScreen.storyboard; sourceTree = "<group>"; };
		F6CF2DFD2841F9BE003A72DA /* Info.plist */ = {isa = PBXFileReference; lastKnownFileType = text.plist.xml; path = Info.plist; sourceTree = "<group>"; };
		F6CF2E022841F9BE003A72DA /* TodayAppTests.xctest */ = {isa = PBXFileReference; explicitFileType = wrapper.cfbundle; includeInIndex = 0; path = TodayAppTests.xctest; sourceTree = BUILT_PRODUCTS_DIR; };
		F6CF2E062841F9BE003A72DA /* TodayAppTests.swift */ = {isa = PBXFileReference; lastKnownFileType = sourcecode.swift; path = TodayAppTests.swift; sourceTree = "<group>"; };
		F6CF2E0C2841F9BE003A72DA /* TodayAppUITests.xctest */ = {isa = PBXFileReference; explicitFileType = wrapper.cfbundle; includeInIndex = 0; path = TodayAppUITests.xctest; sourceTree = BUILT_PRODUCTS_DIR; };
		F6CF2E102841F9BE003A72DA /* TodayAppUITests.swift */ = {isa = PBXFileReference; lastKnownFileType = sourcecode.swift; path = TodayAppUITests.swift; sourceTree = "<group>"; };
		F6CF2E122841F9BE003A72DA /* TodayAppUITestsLaunchTests.swift */ = {isa = PBXFileReference; lastKnownFileType = sourcecode.swift; path = TodayAppUITestsLaunchTests.swift; sourceTree = "<group>"; };
/* End PBXFileReference section */

/* Begin PBXFrameworksBuildPhase section */
		F6CF2DE92841F9BD003A72DA /* Frameworks */ = {
			isa = PBXFrameworksBuildPhase;
			buildActionMask = 2147483647;
			files = (
			);
			runOnlyForDeploymentPostprocessing = 0;
		};
		F6CF2DFF2841F9BE003A72DA /* Frameworks */ = {
			isa = PBXFrameworksBuildPhase;
			buildActionMask = 2147483647;
			files = (
			);
			runOnlyForDeploymentPostprocessing = 0;
		};
		F6CF2E092841F9BE003A72DA /* Frameworks */ = {
			isa = PBXFrameworksBuildPhase;
			buildActionMask = 2147483647;
			files = (
			);
			runOnlyForDeploymentPostprocessing = 0;
		};
/* End PBXFrameworksBuildPhase section */

/* Begin PBXGroup section */
		F6CF2DE32841F9BD003A72DA = {
			isa = PBXGroup;
			children = (
				F6CF2DEE2841F9BD003A72DA /* TodayApp */,
				F6CF2E052841F9BE003A72DA /* TodayAppTests */,
				F6CF2E0F2841F9BE003A72DA /* TodayAppUITests */,
				F6CF2DED2841F9BD003A72DA /* Products */,
			);
			sourceTree = "<group>";
		};
		F6CF2DED2841F9BD003A72DA /* Products */ = {
			isa = PBXGroup;
			children = (
				F6CF2DEC2841F9BD003A72DA /* TodayApp.app */,
				F6CF2E022841F9BE003A72DA /* TodayAppTests.xctest */,
				F6CF2E0C2841F9BE003A72DA /* TodayAppUITests.xctest */,
			);
			name = Products;
			sourceTree = "<group>";
		};
		F6CF2DEE2841F9BD003A72DA /* TodayApp */ = {
			isa = PBXGroup;
			children = (
				F6CF2DEF2841F9BD003A72DA /* AppDelegate.swift */,
				F6CF2DF12841F9BD003A72DA /* SceneDelegate.swift */,
				F6CF2DF32841F9BD003A72DA /* ViewController.swift */,
				F6CF2DF52841F9BD003A72DA /* Main.storyboard */,
				F6CF2DF82841F9BE003A72DA /* Assets.xcassets */,
				F6CF2DFA2841F9BE003A72DA /* LaunchScreen.storyboard */,
				F6CF2DFD2841F9BE003A72DA /* Info.plist */,
			);
			path = TodayApp;
			sourceTree = "<group>";
		};
		F6CF2E052841F9BE003A72DA /* TodayAppTests */ = {
			isa = PBXGroup;
			children = (
				F6CF2E062841F9BE003A72DA /* TodayAppTests.swift */,
			);
			path = TodayAppTests;
			sourceTree = "<group>";
		};
		F6CF2E0F2841F9BE003A72DA /* TodayAppUITests */ = {
			isa = PBXGroup;
			children = (
				F6CF2E102841F9BE003A72DA /* TodayAppUITests.swift */,
				F6CF2E122841F9BE003A72DA /* TodayAppUITestsLaunchTests.swift */,
			);
			path = TodayAppUITests;
			sourceTree = "<group>";
		};
/* End PBXGroup section */

/* Begin PBXNativeTarget section */
		F6CF2DEB2841F9BD003A72DA /* TodayApp */ = {
			isa = PBXNativeTarget;
			buildConfigurationList = F6CF2E162841F9BE003A72DA /* Build configuration list for PBXNativeTarget "TodayApp" */;
			buildPhases = (
				F6CF2DE82841F9BD003A72DA /* Sources */,
				F6CF2DE92841F9BD003A72DA /* Frameworks */,
				F6CF2DEA2841F9BD003A72DA /* Resources */,
			);
			buildRules = (
			);
			dependencies = (
			);
			name = TodayApp;
			productName = TodayApp;
			productReference = F6CF2DEC2841F9BD003A72DA /* TodayApp.app */;
			productType = "com.apple.product-type.application";
		};
		F6CF2E012841F9BE003A72DA /* TodayAppTests */ = {
			isa = PBXNativeTarget;
			buildConfigurationList = F6CF2E192841F9BE003A72DA /* Build configuration list for PBXNativeTarget "TodayAppTests" */;
			buildPhases = (
				F6CF2DFE2841F9BE003A72DA /* Sources */,
				F6CF2DFF2841F9BE003A72DA /* Frameworks */,
				F6CF2E002841F9BE003A72DA /* Resources */,
			);
			buildRules = (
			);
			dependencies = (
				F6CF2E042841F9BE003A72DA /* PBXTargetDependency */,
			);
			name = TodayAppTests;
			productName = TodayAppTests;
			productReference = F6CF2E022841F9BE003A72DA /* TodayAppTests.xctest */;
			productType = "com.apple.product-type.bundle.unit-test";
		};
		F6CF2E0B2841F9BE003A72DA /* TodayAppUITests */ = {
			isa = PBXNativeTarget;
			buildConfigurationList = F6CF2E1C2841F9BE003A72DA /* Build configuration list for PBXNativeTarget "TodayAppUITests" */;
			buildPhases = (
				F6CF2E082841F9BE003A72DA /* Sources */,
				F6CF2E092841F9BE003A72DA /* Frameworks */,
				F6CF2E0A2841F9BE003A72DA /* Resources */,
			);
			buildRules = (
			);
			dependencies = (
				F6CF2E0E2841F9BE003A72DA /* PBXTargetDependency */,
			);
			name = TodayAppUITests;
			productName = TodayAppUITests;
			productReference = F6CF2E0C2841F9BE003A72DA /* TodayAppUITests.xctest */;
			productType = "com.apple.product-type.bundle.ui-testing";
		};
/* End PBXNativeTarget section */

/* Begin PBXProject section */
		F6CF2DE42841F9BD003A72DA /* Project object */ = {
			isa = PBXProject;
			attributes = {
				BuildIndependentTargetsInParallel = 1;
				LastSwiftUpdateCheck = 1310;
				LastUpgradeCheck = 1310;
				TargetAttributes = {
					F6CF2DEB2841F9BD003A72DA = {
						CreatedOnToolsVersion = 13.1;
					};
					F6CF2E012841F9BE003A72DA = {
						CreatedOnToolsVersion = 13.1;
						TestTargetID = F6CF2DEB2841F9BD003A72DA;
					};
					F6CF2E0B2841F9BE003A72DA = {
						CreatedOnToolsVersion = 13.1;
						TestTargetID = F6CF2DEB2841F9BD003A72DA;
					};
				};
			};
			buildConfigurationList = F6CF2DE72841F9BD003A72DA /* Build configuration list for PBXProject "TodayApp" */;
			compatibilityVersion = "Xcode 13.0";
			developmentRegion = en;
			hasScannedForEncodings = 0;
			knownRegions = (
				en,
				Base,
			);
			mainGroup = F6CF2DE32841F9BD003A72DA;
			productRefGroup = F6CF2DED2841F9BD003A72DA /* Products */;
			projectDirPath = "";
			projectRoot = "";
			targets = (
				F6CF2DEB2841F9BD003A72DA /* TodayApp */,
				F6CF2E012841F9BE003A72DA /* TodayAppTests */,
				F6CF2E0B2841F9BE003A72DA /* TodayAppUITests */,
			);
		};
/* End PBXProject section */

/* Begin PBXResourcesBuildPhase section */
		F6CF2DEA2841F9BD003A72DA /* Resources */ = {
			isa = PBXResourcesBuildPhase;
			buildActionMask = 2147483647;
			files = (
				F6CF2DFC2841F9BE003A72DA /* LaunchScreen.storyboard in Resources */,
				F6CF2DF92841F9BE003A72DA /* Assets.xcassets in Resources */,
				F6CF2DF72841F9BD003A72DA /* Main.storyboard in Resources */,
			);
			runOnlyForDeploymentPostprocessing = 0;
		};
		F6CF2E002841F9BE003A72DA /* Resources */ = {
			isa = PBXResourcesBuildPhase;
			buildActionMask = 2147483647;
			files = (
			);
			runOnlyForDeploymentPostprocessing = 0;
		};
		F6CF2E0A2841F9BE003A72DA /* Resources */ = {
			isa = PBXResourcesBuildPhase;
			buildActionMask = 2147483647;
			files = (
			);
			runOnlyForDeploymentPostprocessing = 0;
		};
/* End PBXResourcesBuildPhase section */

/* Begin PBXSourcesBuildPhase section */
		F6CF2DE82841F9BD003A72DA /* Sources */ = {
			isa = PBXSourcesBuildPhase;
			buildActionMask = 2147483647;
			files = (
				F6CF2DF42841F9BD003A72DA /* ViewController.swift in Sources */,
				F6CF2DF02841F9BD003A72DA /* AppDelegate.swift in Sources */,
				F6CF2DF22841F9BD003A72DA /* SceneDelegate.swift in Sources */,
			);
			runOnlyForDeploymentPostprocessing = 0;
		};
		F6CF2DFE2841F9BE003A72DA /* Sources */ = {
			isa = PBXSourcesBuildPhase;
			buildActionMask = 2147483647;
			files = (
				F6CF2E072841F9BE003A72DA /* TodayAppTests.swift in Sources */,
			);
			runOnlyForDeploymentPostprocessing = 0;
		};
		F6CF2E082841F9BE003A72DA /* Sources */ = {
			isa = PBXSourcesBuildPhase;
			buildActionMask = 2147483647;
			files = (
				F6CF2E132841F9BE003A72DA /* TodayAppUITestsLaunchTests.swift in Sources */,
				F6CF2E112841F9BE003A72DA /* TodayAppUITests.swift in Sources */,
			);
			runOnlyForDeploymentPostprocessing = 0;
		};
/* End PBXSourcesBuildPhase section */

/* Begin PBXTargetDependency section */
		F6CF2E042841F9BE003A72DA /* PBXTargetDependency */ = {
			isa = PBXTargetDependency;
			target = F6CF2DEB2841F9BD003A72DA /* TodayApp */;
			targetProxy = F6CF2E032841F9BE003A72DA /* PBXContainerItemProxy */;
		};
		F6CF2E0E2841F9BE003A72DA /* PBXTargetDependency */ = {
			isa = PBXTargetDependency;
			target = F6CF2DEB2841F9BD003A72DA /* TodayApp */;
			targetProxy = F6CF2E0D2841F9BE003A72DA /* PBXContainerItemProxy */;
		};
/* End PBXTargetDependency section */

/* Begin PBXVariantGroup section */
		F6CF2DF52841F9BD003A72DA /* Main.storyboard */ = {
			isa = PBXVariantGroup;
			children = (
				F6CF2DF62841F9BD003A72DA /* Base */,
			);
			name = Main.storyboard;
			sourceTree = "<group>";
		};
		F6CF2DFA2841F9BE003A72DA /* LaunchScreen.storyboard */ = {
			isa = PBXVariantGroup;
			children = (
				F6CF2DFB2841F9BE003A72DA /* Base */,
			);
			name = LaunchScreen.storyboard;
			sourceTree = "<group>";
		};
/* End PBXVariantGroup section */

/* Begin XCBuildConfiguration section */
		F6CF2E142841F9BE003A72DA /* Debug */ = {
			isa = XCBuildConfiguration;
			buildSettings = {
				ALWAYS_SEARCH_USER_PATHS = NO;
				CLANG_ANALYZER_NONNULL = YES;
				CLANG_ANALYZER_NUMBER_OBJECT_CONVERSION = YES_AGGRESSIVE;
				CLANG_CXX_LANGUAGE_STANDARD = "gnu++17";
				CLANG_CXX_LIBRARY = "libc++";
				CLANG_ENABLE_MODULES = YES;
				CLANG_ENABLE_OBJC_ARC = YES;
				CLANG_ENABLE_OBJC_WEAK = YES;
				CLANG_WARN_BLOCK_CAPTURE_AUTORELEASING = YES;
				CLANG_WARN_BOOL_CONVERSION = YES;
				CLANG_WARN_COMMA = YES;
				CLANG_WARN_CONSTANT_CONVERSION = YES;
				CLANG_WARN_DEPRECATED_OBJC_IMPLEMENTATIONS = YES;
				CLANG_WARN_DIRECT_OBJC_ISA_USAGE = YES_ERROR;
				CLANG_WARN_DOCUMENTATION_COMMENTS = YES;
				CLANG_WARN_EMPTY_BODY = YES;
				CLANG_WARN_ENUM_CONVERSION = YES;
				CLANG_WARN_INFINITE_RECURSION = YES;
				CLANG_WARN_INT_CONVERSION = YES;
				CLANG_WARN_NON_LITERAL_NULL_CONVERSION = YES;
				CLANG_WARN_OBJC_IMPLICIT_RETAIN_SELF = YES;
				CLANG_WARN_OBJC_LITERAL_CONVERSION = YES;
				CLANG_WARN_OBJC_ROOT_CLASS = YES_ERROR;
				CLANG_WARN_QUOTED_INCLUDE_IN_FRAMEWORK_HEADER = YES;
				CLANG_WARN_RANGE_LOOP_ANALYSIS = YES;
				CLANG_WARN_STRICT_PROTOTYPES = YES;
				CLANG_WARN_SUSPICIOUS_MOVE = YES;
				CLANG_WARN_UNGUARDED_AVAILABILITY = YES_AGGRESSIVE;
				CLANG_WARN_UNREACHABLE_CODE = YES;
				CLANG_WARN__DUPLICATE_METHOD_MATCH = YES;
				COPY_PHASE_STRIP = NO;
				DEBUG_INFORMATION_FORMAT = dwarf;
				ENABLE_STRICT_OBJC_MSGSEND = YES;
				ENABLE_TESTABILITY = YES;
				GCC_C_LANGUAGE_STANDARD = gnu11;
				GCC_DYNAMIC_NO_PIC = NO;
				GCC_NO_COMMON_BLOCKS = YES;
				GCC_OPTIMIZATION_LEVEL = 0;
				GCC_PREPROCESSOR_DEFINITIONS = (
					"DEBUG=1",
					"$(inherited)",
				);
				GCC_WARN_64_TO_32_BIT_CONVERSION = YES;
				GCC_WARN_ABOUT_RETURN_TYPE = YES_ERROR;
				GCC_WARN_UNDECLARED_SELECTOR = YES;
				GCC_WARN_UNINITIALIZED_AUTOS = YES_AGGRESSIVE;
				GCC_WARN_UNUSED_FUNCTION = YES;
				GCC_WARN_UNUSED_VARIABLE = YES;
				IPHONEOS_DEPLOYMENT_TARGET = 15.0;
				MTL_ENABLE_DEBUG_INFO = INCLUDE_SOURCE;
				MTL_FAST_MATH = YES;
				ONLY_ACTIVE_ARCH = YES;
				SDKROOT = iphoneos;
				SWIFT_ACTIVE_COMPILATION_CONDITIONS = DEBUG;
				SWIFT_OPTIMIZATION_LEVEL = "-Onone";
			};
			name = Debug;
		};
		F6CF2E152841F9BE003A72DA /* Release */ = {
			isa = XCBuildConfiguration;
			buildSettings = {
				ALWAYS_SEARCH_USER_PATHS = NO;
				CLANG_ANALYZER_NONNULL = YES;
				CLANG_ANALYZER_NUMBER_OBJECT_CONVERSION = YES_AGGRESSIVE;
				CLANG_CXX_LANGUAGE_STANDARD = "gnu++17";
				CLANG_CXX_LIBRARY = "libc++";
				CLANG_ENABLE_MODULES = YES;
				CLANG_ENABLE_OBJC_ARC = YES;
				CLANG_ENABLE_OBJC_WEAK = YES;
				CLANG_WARN_BLOCK_CAPTURE_AUTORELEASING = YES;
				CLANG_WARN_BOOL_CONVERSION = YES;
				CLANG_WARN_COMMA = YES;
				CLANG_WARN_CONSTANT_CONVERSION = YES;
				CLANG_WARN_DEPRECATED_OBJC_IMPLEMENTATIONS = YES;
				CLANG_WARN_DIRECT_OBJC_ISA_USAGE = YES_ERROR;
				CLANG_WARN_DOCUMENTATION_COMMENTS = YES;
				CLANG_WARN_EMPTY_BODY = YES;
				CLANG_WARN_ENUM_CONVERSION = YES;
				CLANG_WARN_INFINITE_RECURSION = YES;
				CLANG_WARN_INT_CONVERSION = YES;
				CLANG_WARN_NON_LITERAL_NULL_CONVERSION = YES;
				CLANG_WARN_OBJC_IMPLICIT_RETAIN_SELF = YES;
				CLANG_WARN_OBJC_LITERAL_CONVERSION = YES;
				CLANG_WARN_OBJC_ROOT_CLASS = YES_ERROR;
				CLANG_WARN_QUOTED_INCLUDE_IN_FRAMEWORK_HEADER = YES;
				CLANG_WARN_RANGE_LOOP_ANALYSIS = YES;
				CLANG_WARN_STRICT_PROTOTYPES = YES;
				CLANG_WARN_SUSPICIOUS_MOVE = YES;
				CLANG_WARN_UNGUARDED_AVAILABILITY = YES_AGGRESSIVE;
				CLANG_WARN_UNREACHABLE_CODE = YES;
				CLANG_WARN__DUPLICATE_METHOD_MATCH = YES;
				COPY_PHASE_STRIP = NO;
				DEBUG_INFORMATION_FORMAT = "dwarf-with-dsym";
				ENABLE_NS_ASSERTIONS = NO;
				ENABLE_STRICT_OBJC_MSGSEND = YES;
				GCC_C_LANGUAGE_STANDARD = gnu11;
				GCC_NO_COMMON_BLOCKS = YES;
				GCC_WARN_64_TO_32_BIT_CONVERSION = YES;
				GCC_WARN_ABOUT_RETURN_TYPE = YES_ERROR;
				GCC_WARN_UNDECLARED_SELECTOR = YES;
				GCC_WARN_UNINITIALIZED_AUTOS = YES_AGGRESSIVE;
				GCC_WARN_UNUSED_FUNCTION = YES;
				GCC_WARN_UNUSED_VARIABLE = YES;
				IPHONEOS_DEPLOYMENT_TARGET = 15.0;
				MTL_ENABLE_DEBUG_INFO = NO;
				MTL_FAST_MATH = YES;
				SDKROOT = iphoneos;
				SWIFT_COMPILATION_MODE = wholemodule;
				SWIFT_OPTIMIZATION_LEVEL = "-O";
				VALIDATE_PRODUCT = YES;
			};
			name = Release;
		};
		F6CF2E172841F9BE003A72DA /* Debug */ = {
			isa = XCBuildConfiguration;
			buildSettings = {
				ASSETCATALOG_COMPILER_APPICON_NAME = AppIcon;
				ASSETCATALOG_COMPILER_GLOBAL_ACCENT_COLOR_NAME = AccentColor;
				CODE_SIGN_STYLE = Automatic;
				CURRENT_PROJECT_VERSION = 1;
				GENERATE_INFOPLIST_FILE = YES;
				INFOPLIST_FILE = TodayApp/Info.plist;
				INFOPLIST_KEY_UIApplicationSupportsIndirectInputEvents = YES;
				INFOPLIST_KEY_UILaunchStoryboardName = LaunchScreen;
				INFOPLIST_KEY_UIMainStoryboardFile = Main;
				INFOPLIST_KEY_UISupportedInterfaceOrientations_iPad = "UIInterfaceOrientationPortrait UIInterfaceOrientationPortraitUpsideDown UIInterfaceOrientationLandscapeLeft UIInterfaceOrientationLandscapeRight";
				INFOPLIST_KEY_UISupportedInterfaceOrientations_iPhone = "UIInterfaceOrientationPortrait UIInterfaceOrientationLandscapeLeft UIInterfaceOrientationLandscapeRight";
				LD_RUNPATH_SEARCH_PATHS = (
					"$(inherited)",
					"@executable_path/Frameworks",
				);
				MARKETING_VERSION = 1.0;
				PRODUCT_BUNDLE_IDENTIFIER = "com.example.apple-samplecode.TodayApp";
				PRODUCT_NAME = "$(TARGET_NAME)";
				SWIFT_EMIT_LOC_STRINGS = YES;
				SWIFT_VERSION = 5.0;
				TARGETED_DEVICE_FAMILY = "1,2";
			};
			name = Debug;
		};
		F6CF2E182841F9BE003A72DA /* Release */ = {
			isa = XCBuildConfiguration;
			buildSettings = {
				ASSETCATALOG_COMPILER_APPICON_NAME = AppIcon;
				ASSETCATALOG_COMPILER_GLOBAL_ACCENT_COLOR_NAME = AccentColor;
				CODE_SIGN_STYLE = Automatic;
				CURRENT_PROJECT_VERSION = 1;
				GENERATE_INFOPLIST_FILE = YES;
				INFOPLIST_FILE = TodayApp/Info.plist;
				INFOPLIST_KEY_UIApplicationSupportsIndirectInputEvents = YES;
				INFOPLIST_KEY_UILaunchStoryboardName = LaunchScreen;
				INFOPLIST_KEY_UIMainStoryboardFile = Main;
				INFOPLIST_KEY_UISupportedInterfaceOrientations_iPad = "UIInterfaceOrientationPortrait UIInterfaceOrientationPortraitUpsideDown UIInterfaceOrientationLandscapeLeft UIInterfaceOrientationLandscapeRight";
				INFOPLIST_KEY_UISupportedInterfaceOrientations_iPhone = "UIInterfaceOrientationPortrait UIInterfaceOrientationLandscapeLeft UIInterfaceOrientationLandscapeRight";
				LD_RUNPATH_SEARCH_PATHS = (
					"$(inherited)",
					"@executable_path/Frameworks",
				);
				MARKETING_VERSION = 1.0;
				PRODUCT_BUNDLE_IDENTIFIER = "com.example.apple-samplecode.TodayApp";
				PRODUCT_NAME = "$(TARGET_NAME)";
				SWIFT_EMIT_LOC_STRINGS = YES;
				SWIFT_VERSION = 5.0;
				TARGETED_DEVICE_FAMILY = "1,2";
			};
			name = Release;
		};
		F6CF2E1A2841F9BE003A72DA /* Debug */ = {
			isa = XCBuildConfiguration;
			buildSettings = {
				ALWAYS_EMBED_SWIFT_STANDARD_LIBRARIES = YES;
				BUNDLE_LOADER = "$(TEST_HOST)";
				CODE_SIGN_STYLE = Automatic;
				CURRENT_PROJECT_VERSION = 1;
				GENERATE_INFOPLIST_FILE = YES;
				IPHONEOS_DEPLOYMENT_TARGET = 15.0;
				LD_RUNPATH_SEARCH_PATHS = (
					"$(inherited)",
					"@executable_path/Frameworks",
					"@loader_path/Frameworks",
				);
				MARKETING_VERSION = 1.0;
				PRODUCT_BUNDLE_IDENTIFIER = "com.example.apple-samplecode.TodayAppTests";
				PRODUCT_NAME = "$(TARGET_NAME)";
				SWIFT_EMIT_LOC_STRINGS = NO;
				SWIFT_VERSION = 5.0;
				TARGETED_DEVICE_FAMILY = "1,2";
				TEST_HOST = "$(BUILT_PRODUCTS_DIR)/TodayApp.app/TodayApp";
			};
			name = Debug;
		};
		F6CF2E1B2841F9BE003A72DA /* Release */ = {
			isa = XCBuildConfiguration;
			buildSettings = {
				ALWAYS_EMBED_SWIFT_STANDARD_LIBRARIES = YES;
				BUNDLE_LOADER = "$(TEST_HOST)";
				CODE_SIGN_STYLE = Automatic;
				CURRENT_PROJECT_VERSION = 1;
				GENERATE_INFOPLIST_FILE = YES;
				IPHONEOS_DEPLOYMENT_TARGET = 15.0;
				LD_RUNPATH_SEARCH_PATHS = (
					"$(inherited)",
					"@executable_path/Frameworks",
					"@loader_path/Frameworks",
				);
				MARKETING_VERSION = 1.0;
				PRODUCT_BUNDLE_IDENTIFIER = "com.example.apple-samplecode.TodayAppTests";
				PRODUCT_NAME = "$(TARGET_NAME)";
				SWIFT_EMIT_LOC_STRINGS = NO;
				SWIFT_VERSION = 5.0;
				TARGETED_DEVICE_FAMILY = "1,2";
				TEST_HOST = "$(BUILT_PRODUCTS_DIR)/TodayApp.app/TodayApp";
			};
			name = Release;
		};
		F6CF2E1D2841F9BE003A72DA /* Debug */ = {
			isa = XCBuildConfiguration;
			buildSettings = {
				ALWAYS_EMBED_SWIFT_STANDARD_LIBRARIES = YES;
				CODE_SIGN_STYLE = Automatic;
				CURRENT_PROJECT_VERSION = 1;
				GENERATE_INFOPLIST_FILE = YES;
				LD_RUNPATH_SEARCH_PATHS = (
					"$(inherited)",
					"@executable_path/Frameworks",
					"@loader_path/Frameworks",
				);
				MARKETING_VERSION = 1.0;
				PRODUCT_BUNDLE_IDENTIFIER = "com.example.apple-samplecode.TodayAppUITests";
				PRODUCT_NAME = "$(TARGET_NAME)";
				SWIFT_EMIT_LOC_STRINGS = NO;
				SWIFT_VERSION = 5.0;
				TARGETED_DEVICE_FAMILY = "1,2";
				TEST_TARGET_NAME = TodayApp;
			};
			name = Debug;
		};
		F6CF2E1E2841F9BE003A72DA /* Release */ = {
			isa = XCBuildConfiguration;
			buildSettings = {
				ALWAYS_EMBED_SWIFT_STANDARD_LIBRARIES = YES;
				CODE_SIGN_STYLE = Automatic;
				CURRENT_PROJECT_VERSION = 1;
				GENERATE_INFOPLIST_FILE = YES;
				LD_RUNPATH_SEARCH_PATHS = (
					"$(inherited)",
					"@executable_path/Frameworks",
					"@loader_path/Frameworks",
				);
				MARKETING_VERSION = 1.0;
				PRODUCT_BUNDLE_IDENTIFIER = "com.example.apple-samplecode.TodayAppUITests";
				PRODUCT_NAME = "$(TARGET_NAME)";
				SWIFT_EMIT_LOC_STRINGS = NO;
				SWIFT_VERSION = 5.0;
				TARGETED_DEVICE_FAMILY = "1,2";
				TEST_TARGET_NAME = TodayApp;
			};
			name = Release;
		};
/* End XCBuildConfiguration section */

/* Begin XCConfigurationList section */
		F6CF2DE72841F9BD003A72DA /* Build configuration list for PBXProject "TodayApp" */ = {
			isa = XCConfigurationList;
			buildConfigurations = (
				F6CF2E142841F9BE003A72DA /* Debug */,
				F6CF2E152841F9BE003A72DA /* Release */,
			);
			defaultConfigurationIsVisible = 0;
			defaultConfigurationName = Release;
		};
		F6CF2E162841F9BE003A72DA /* Build configuration list for PBXNativeTarget "TodayApp" */ = {
			isa = XCConfigurationList;
			buildConfigurations = (
				F6CF2E172841F9BE003A72DA /* Debug */,
				F6CF2E182841F9BE003A72DA /* Release */,
			);
			defaultConfigurationIsVisible = 0;
			defaultConfigurationName = Release;
		};
		F6CF2E192841F9BE003A72DA /* Build configuration list for PBXNativeTarget "TodayAppTests" */ = {
			isa = XCConfigurationList;
			buildConfigurations = (
				F6CF2E1A2841F9BE003A72DA /* Debug */,
				F6CF2E1B2841F9BE003A72DA /* Release */,
			);
			defaultConfigurationIsVisible = 0;
			defaultConfigurationName = Release;
		};
		F6CF2E1C2841F9BE003A72DA /* Build configuration list for PBXNativeTarget "TodayAppUITests" */ = {
			isa = XCConfigurationList;
			buildConfigurations = (
				F6CF2E1D2841F9BE003A72DA /* Debug */,
				F6CF2E1E2841F9BE003A72DA /* Release */,
			);
			defaultConfigurationIsVisible = 0;
			defaultConfigurationName = Release;
		};
/* End XCConfigurationList section */
	};
	rootObject = F6CF2DE42841F9BD003A72DA /* Project object */;
}
